
Microsoft Visual Studio Solution File, Format Version 12.00
# Visual Studio Version 17
VisualStudioVersion = 17.3.32811.315
MinimumVisualStudioVersion = 10.0.40219.1
Project("{FAE04EC0-301F-11D3-BF4B-00C04F79EFBC}") = "GAMMAFEST", "GAMMAFEST\GAMMAFEST.csproj", "{D055C52F-084D-4691-AB8B-905654EE9DEF}"
EndProject
Global
	GlobalSection(SolutionConfigurationPlatforms) = preSolution
		Debug|Any CPU = Debug|Any CPU
		Release|Any CPU = Release|Any CPU
	EndGlobalSection
	GlobalSection(ProjectConfigurationPlatforms) = postSolution
		{D055C52F-084D-4691-AB8B-905654EE9DEF}.Debug|Any CPU.ActiveCfg = Debug|Any CPU
		{D055C52F-084D-4691-AB8B-905654EE9DEF}.Debug|Any CPU.Build.0 = Debug|Any CPU
		{D055C52F-084D-4691-AB8B-905654EE9DEF}.Release|Any CPU.ActiveCfg = Release|Any CPU
		{D055C52F-084D-4691-AB8B-905654EE9DEF}.Release|Any CPU.Build.0 = Release|Any CPU
	EndGlobalSection
	GlobalSection(SolutionProperties) = preSolution
		HideSolutionNode = FALSE
	EndGlobalSection
	GlobalSection(ExtensibilityGlobals) = postSolution
		SolutionGuid = {4F22D432-C483-49D0-98B3-67CD7DA29E61}
	EndGlobalSection
EndGlobal
